
Microsoft Visual Studio Solution File, Format Version 11.00
# Visual Studio 2010
Project("{FAE04EC0-301F-11D3-BF4B-00C04F79EFBC}") = "Unity.Timeline", "Unity.Timeline.csproj", "{0747c33f-3344-2571-aac7-0ce206b2a640}"
EndProject
Project("{FAE04EC0-301F-11D3-BF4B-00C04F79EFBC}") = "Unity.Timeline.Editor", "Unity.Timeline.Editor.csproj", "{c75d732f-e0be-6e59-9c6a-475a73bc4bcb}"
EndProject
Project("{FAE04EC0-301F-11D3-BF4B-00C04F79EFBC}") = "Unity.TextMeshPro.Editor", "Unity.TextMeshPro.Editor.csproj", "{89ff8f14-8042-456b-d9c0-4182cbe7812c}"
EndProject
Project("{FAE04EC0-301F-11D3-BF4B-00C04F79EFBC}") = "PlayFab", "PlayFab.csproj", "{8fa1c081-f523-1a21-536c-00a8c0e382f7}"
EndProject
Project("{FAE04EC0-301F-11D3-BF4B-00C04F79EFBC}") = "Unity.VisualScripting.Flow", "Unity.VisualScripting.Flow.csproj", "{7a44d91a-5bf4-b775-4df6-9d1638833de1}"
EndProject
Project("{FAE04EC0-301F-11D3-BF4B-00C04F79EFBC}") = "UnityEditor.UI", "UnityEditor.UI.csproj", "{ef24c592-87aa-27af-a984-533c943a2cc7}"
EndProject
Project("{FAE04EC0-301F-11D3-BF4B-00C04F79EFBC}") = "Unity.PlasticSCM.Editor", "Unity.PlasticSCM.Editor.csproj", "{1bde78b7-a725-1957-b856-debfdfcb09a0}"
EndProject
Project("{FAE04EC0-301F-11D3-BF4B-00C04F79EFBC}") = "PhotonChat", "PhotonChat.csproj", "{76e0ad19-a8f3-9f4b-2f54-cab6cce3a0ca}"
EndProject
Project("{FAE04EC0-301F-11D3-BF4B-00C04F79EFBC}") = "Unity.VisualScripting.Core", "Unity.VisualScripting.Core.csproj", "{058c7ebc-fe08-3aee-efbd-50be16d3553b}"
EndProject
Project("{FAE04EC0-301F-11D3-BF4B-00C04F79EFBC}") = "PhotonUnityNetworking.Demos", "PhotonUnityNetworking.Demos.csproj", "{0b050c43-59ca-fb9d-fefc-c00eb8e71937}"
EndProject
Project("{FAE04EC0-301F-11D3-BF4B-00C04F79EFBC}") = "Unity.VisualScripting.Core.Editor", "Unity.VisualScripting.Core.Editor.csproj", "{b7284c85-35d6-f9c1-b0a4-cb67b7258e1e}"
EndProject
Project("{FAE04EC0-301F-11D3-BF4B-00C04F79EFBC}") = "Unity.VisualScripting.Flow.Editor", "Unity.VisualScripting.Flow.Editor.csproj", "{bf851109-f242-116a-6590-186238fe5c7d}"
EndProject
Project("{FAE04EC0-301F-11D3-BF4B-00C04F79EFBC}") = "UnityEditor.TestRunner", "UnityEditor.TestRunner.csproj", "{aec57ce5-9238-4cb7-e37c-3ec73b469c3d}"
EndProject
Project("{FAE04EC0-301F-11D3-BF4B-00C04F79EFBC}") = "Unity.VisualScripting.SettingsProvider.Editor", "Unity.VisualScripting.SettingsProvider.Editor.csproj", "{f0a2fd1e-fd15-63da-ca1b-955a8ebbb5af}"
EndProject
Project("{FAE04EC0-301F-11D3-BF4B-00C04F79EFBC}") = "UnityEngine.TestRunner", "UnityEngine.TestRunner.csproj", "{f508d9b0-965f-6dd3-aa3a-29761251ef62}"
EndProject
Project("{FAE04EC0-301F-11D3-BF4B-00C04F79EFBC}") = "Assembly-CSharp", "Assembly-CSharp.csproj", "{db5d0306-d893-4634-d06a-7a305be9abbc}"
EndProject
Project("{FAE04EC0-301F-11D3-BF4B-00C04F79EFBC}") = "PhotonRealtime", "PhotonRealtime.csproj", "{08323a6b-3b51-cbe9-0a08-a76e5fd1af7e}"
EndProject
Project("{FAE04EC0-301F-11D3-BF4B-00C04F79EFBC}") = "UnityEngine.UI", "UnityEngine.UI.csproj", "{2e15001a-db82-ce97-bb61-25802ac07c14}"
EndProject
Project("{FAE04EC0-301F-11D3-BF4B-00C04F79EFBC}") = "Unity.AI.Navigation.Editor", "Unity.AI.Navigation.Editor.csproj", "{18a36d3e-f101-3b6d-067d-657f5f58d900}"
EndProject
Project("{FAE04EC0-301F-11D3-BF4B-00C04F79EFBC}") = "Unity.VisualStudio.Editor", "Unity.VisualStudio.Editor.csproj", "{bf66924e-beb9-538d-bb3e-354a41d76d49}"
EndProject
Project("{FAE04EC0-301F-11D3-BF4B-00C04F79EFBC}") = "Unity.TestTools.CodeCoverage.Editor.OpenCover.Model", "Unity.TestTools.CodeCoverage.Editor.OpenCover.Model.csproj", "{da5837e6-fb17-3fa2-9254-7a581f858d8b}"
EndProject
Project("{FAE04EC0-301F-11D3-BF4B-00C04F79EFBC}") = "Unity.Rider.Editor", "Unity.Rider.Editor.csproj", "{b6542343-d3e5-d6a2-6bd7-2bfda401e9c1}"
EndProject
Project("{FAE04EC0-301F-11D3-BF4B-00C04F79EFBC}") = "PhotonUnityNetworking.Editor", "PhotonUnityNetworking.Editor.csproj", "{6326f109-be15-e559-e06d-791a36c11878}"
EndProject
Project("{FAE04EC0-301F-11D3-BF4B-00C04F79EFBC}") = "PlayFabEditorExtensions", "PlayFabEditorExtensions.csproj", "{0eb40c29-d9fd-3cc9-aebc-eae1b739ee3b}"
EndProject
Project("{FAE04EC0-301F-11D3-BF4B-00C04F79EFBC}") = "Unity.AI.Navigation", "Unity.AI.Navigation.csproj", "{1e2b3f1d-704d-8b7e-4cb4-1cfdb16acd81}"
EndProject
Project("{FAE04EC0-301F-11D3-BF4B-00C04F79EFBC}") = "ParrelSync", "ParrelSync.csproj", "{d0563403-827c-89de-85b1-4c35fc137d5a}"
EndProject
Project("{FAE04EC0-301F-11D3-BF4B-00C04F79EFBC}") = "Unity.AI.Navigation.Editor.ConversionSystem", "Unity.AI.Navigation.Editor.ConversionSystem.csproj", "{1224795c-ab69-346d-30ed-14b9c2766f46}"
EndProject
Project("{FAE04EC0-301F-11D3-BF4B-00C04F79EFBC}") = "Unity.VisualScripting.State.Editor", "Unity.VisualScripting.State.Editor.csproj", "{f94fb2ed-78b1-1c53-f268-b5f6da14fb60}"
EndProject
Project("{FAE04EC0-301F-11D3-BF4B-00C04F79EFBC}") = "Unity.TestTools.CodeCoverage.Editor", "Unity.TestTools.CodeCoverage.Editor.csproj", "{0506ecc5-125d-dbd8-33c7-a9f92ddae9fb}"
EndProject
Project("{FAE04EC0-301F-11D3-BF4B-00C04F79EFBC}") = "PhotonUnityNetworking", "PhotonUnityNetworking.csproj", "{cde8683f-39fb-bce6-79bf-f112e1df21c3}"
EndProject
Project("{FAE04EC0-301F-11D3-BF4B-00C04F79EFBC}") = "Unity.VisualScripting.State", "Unity.VisualScripting.State.csproj", "{f9ce5aca-f344-3ff3-b7c9-efa2dbda0f05}"
EndProject
Project("{FAE04EC0-301F-11D3-BF4B-00C04F79EFBC}") = "Unity.TextMeshPro", "Unity.TextMeshPro.csproj", "{6b58f8eb-1c0d-e88b-3f6e-a2b3c4f17055}"
EndProject
Project("{FAE04EC0-301F-11D3-BF4B-00C04F79EFBC}") = "Unity.Performance.Profile-Analyzer.Editor", "Unity.Performance.Profile-Analyzer.Editor.csproj", "{a74ea015-938f-8e80-3a51-e4118e69da47}"
EndProject
Project("{FAE04EC0-301F-11D3-BF4B-00C04F79EFBC}") = "Unity.VSCode.Editor", "Unity.VSCode.Editor.csproj", "{e76a4420-f8e6-c6fb-0088-ec20812e2ef5}"
EndProject
Project("{FAE04EC0-301F-11D3-BF4B-00C04F79EFBC}") = "Unity.TestTools.CodeCoverage.Editor.OpenCover.Mono.Reflection", "Unity.TestTools.CodeCoverage.Editor.OpenCover.Mono.Reflection.csproj", "{ade3242d-f10b-b1db-b115-d5edd8645a5e}"
EndProject
Project("{FAE04EC0-301F-11D3-BF4B-00C04F79EFBC}") = "Unity.2D.Sprite.Editor", "Unity.2D.Sprite.Editor.csproj", "{769c410c-59ec-e464-f220-da475d43bb8a}"
EndProject
Project("{FAE04EC0-301F-11D3-BF4B-00C04F79EFBC}") = "PhotonUnityNetworking.Utilities.PhotonPlayer.Editor", "PhotonUnityNetworking.Utilities.PhotonPlayer.Editor.csproj", "{4e4b68d7-8894-c1af-0caf-039ebbbd61a6}"
EndProject
Project("{FAE04EC0-301F-11D3-BF4B-00C04F79EFBC}") = "Unity.AI.Navigation.Updater", "Unity.AI.Navigation.Updater.csproj", "{53bd00f9-6694-b1d5-a7ac-48b9826b1b33}"
EndProject
Project("{FAE04EC0-301F-11D3-BF4B-00C04F79EFBC}") = "PlayFabSDKEditor", "PlayFabSDKEditor.csproj", "{5ab8e21e-b5bf-c704-3599-e2f7bd12f03b}"
EndProject
Project("{FAE04EC0-301F-11D3-BF4B-00C04F79EFBC}") = "Unity.Settings.Editor", "Unity.Settings.Editor.csproj", "{97b05dc3-38e7-f012-1717-6bac439705fe}"
EndProject
Project("{FAE04EC0-301F-11D3-BF4B-00C04F79EFBC}") = "Assembly-CSharp-Editor", "Assembly-CSharp-Editor.csproj", "{8bcf1592-b67d-b8f7-df83-87578845cd36}"
EndProject
Project("{FAE04EC0-301F-11D3-BF4B-00C04F79EFBC}") = "PhotonUnityNetworking.Utilities", "PhotonUnityNetworking.Utilities.csproj", "{eea17ff7-6957-118a-3557-dacf4c7fb4d1}"
EndProject
Project("{FAE04EC0-301F-11D3-BF4B-00C04F79EFBC}") = "Unity.EditorCoroutines.Editor", "Unity.EditorCoroutines.Editor.csproj", "{4a8bffaf-bd2d-35aa-d4ed-667570cf3787}"
EndProject
Project("{FAE04EC0-301F-11D3-BF4B-00C04F79EFBC}") = "PunDemos.DemoSlotcarEditor", "PunDemos.DemoSlotcarEditor.csproj", "{02ed14fa-0290-5369-9830-4c5efd18e4b8}"
EndProject
Project("{FAE04EC0-301F-11D3-BF4B-00C04F79EFBC}") = "PhotonUnityNetworking.Utilities.Culling.Editor", "PhotonUnityNetworking.Utilities.Culling.Editor.csproj", "{262c8e2a-1aeb-dfd5-4d68-6d3c5559ea82}"
EndProject
Project("{FAE04EC0-301F-11D3-BF4B-00C04F79EFBC}") = "PunDemos.DemoHubEditor", "PunDemos.DemoHubEditor.csproj", "{13a7304f-c7e9-dca2-2f92-ebbeab2c28b5}"
EndProject
Project("{FAE04EC0-301F-11D3-BF4B-00C04F79EFBC}") = "Unity.VisualScripting.Shared.Editor", "Unity.VisualScripting.Shared.Editor.csproj", "{23b35137-a344-e401-eb56-8b82dc6a123b}"
EndProject
Project("{FAE04EC0-301F-11D3-BF4B-00C04F79EFBC}") = "Unity.CollabProxy.Editor", "Unity.CollabProxy.Editor.csproj", "{f95c4007-a3f6-959b-ce0c-45c964f6e00f}"
EndProject
Project("{FAE04EC0-301F-11D3-BF4B-00C04F79EFBC}") = "Unity.Timeline", "Unity.Timeline.Player.csproj", "{d6afdc96-a944-0d5c-fa15-016ca25786c6}"
EndProject
Project("{FAE04EC0-301F-11D3-BF4B-00C04F79EFBC}") = "PlayFab", "PlayFab.Player.csproj", "{6ef4c477-6391-6272-01f1-9b9d93d2c570}"
EndProject
Project("{FAE04EC0-301F-11D3-BF4B-00C04F79EFBC}") = "Unity.VisualScripting.Flow", "Unity.VisualScripting.Flow.Player.csproj", "{f83ea8e4-4a92-9fde-f6ae-7864eb9bc510}"
EndProject
Project("{FAE04EC0-301F-11D3-BF4B-00C04F79EFBC}") = "PhotonChat", "PhotonChat.Player.csproj", "{878eff81-1c52-1d6e-144f-cd888792fa70}"
EndProject
Project("{FAE04EC0-301F-11D3-BF4B-00C04F79EFBC}") = "Unity.VisualScripting.Core", "Unity.VisualScripting.Core.Player.csproj", "{a13b013f-a870-7ca6-fd58-c2f15f73b80a}"
EndProject
Project("{FAE04EC0-301F-11D3-BF4B-00C04F79EFBC}") = "PhotonUnityNetworking.Demos", "PhotonUnityNetworking.Demos.Player.csproj", "{7570d134-4b8b-1979-584d-09bb06654365}"
EndProject
Project("{FAE04EC0-301F-11D3-BF4B-00C04F79EFBC}") = "UnityEngine.TestRunner", "UnityEngine.TestRunner.Player.csproj", "{3ea86dfb-ccc9-60f4-72e9-fc0f60e31b0b}"
EndProject
Project("{FAE04EC0-301F-11D3-BF4B-00C04F79EFBC}") = "Assembly-CSharp", "Assembly-CSharp.Player.csproj", "{cf2540f0-0c11-4c26-a009-38663294f233}"
EndProject
Project("{FAE04EC0-301F-11D3-BF4B-00C04F79EFBC}") = "PhotonRealtime", "PhotonRealtime.Player.csproj", "{3e0ddc18-5561-56fc-68e3-64f47de933a2}"
EndProject
Project("{FAE04EC0-301F-11D3-BF4B-00C04F79EFBC}") = "UnityEngine.UI", "UnityEngine.UI.Player.csproj", "{a3093935-b32e-34de-7c02-a584f2cbdbb6}"
EndProject
Project("{FAE04EC0-301F-11D3-BF4B-00C04F79EFBC}") = "Unity.AI.Navigation", "Unity.AI.Navigation.Player.csproj", "{26acc6f8-02d2-c732-1800-2e9abd88ea77}"
EndProject
Project("{FAE04EC0-301F-11D3-BF4B-00C04F79EFBC}") = "PhotonUnityNetworking", "PhotonUnityNetworking.Player.csproj", "{5b2c3761-62be-900f-8f60-3de2b152c6a6}"
EndProject
Project("{FAE04EC0-301F-11D3-BF4B-00C04F79EFBC}") = "Unity.VisualScripting.State", "Unity.VisualScripting.State.Player.csproj", "{bcd7daf7-3ada-9a4e-cad3-22ffef0746c2}"
EndProject
Project("{FAE04EC0-301F-11D3-BF4B-00C04F79EFBC}") = "Unity.TextMeshPro", "Unity.TextMeshPro.Player.csproj", "{7acd0fcf-7c12-9cee-16b6-8a1e6327bcdb}"
EndProject
Project("{FAE04EC0-301F-11D3-BF4B-00C04F79EFBC}") = "PhotonUnityNetworking.Utilities", "PhotonUnityNetworking.Utilities.Player.csproj", "{37870cd3-9450-8061-9401-c702c25f9d6a}"
EndProject
Project("{FAE04EC0-301F-11D3-BF4B-00C04F79EFBC}") = "UnityEngine.UI.Tests", "UnityEngine.UI.Tests.csproj", "{2a776164-a604-8ecc-e487-f47981b30f36}"
EndProject
Project("{FAE04EC0-301F-11D3-BF4B-00C04F79EFBC}") = "UnityEditor.UI.EditorTests", "UnityEditor.UI.EditorTests.csproj", "{ec357292-2d1c-15ce-11f1-d40cde3c8142}"
EndProject
Project("{FAE04EC0-301F-11D3-BF4B-00C04F79EFBC}") = "Unity.TextMeshPro.Tests", "Unity.TextMeshPro.Tests.csproj", "{cc03ab12-21a4-f51e-5cf9-205a23ded66b}"
EndProject
Project("{FAE04EC0-301F-11D3-BF4B-00C04F79EFBC}") = "Unity.2D.Sprite.Package.EditorTests", "Unity.2D.Sprite.Package.EditorTests.csproj", "{34de1ff2-a387-8ce6-dcd8-71579dcdf4a9}"
EndProject
Project("{FAE04EC0-301F-11D3-BF4B-00C04F79EFBC}") = "DocCodeExamples", "DocCodeExamples.csproj", "{82a1e711-9f9c-2a3a-9f51-35ed3d27d35c}"
EndProject
Project("{FAE04EC0-301F-11D3-BF4B-00C04F79EFBC}") = "Unity.AI.Navigation.Tests", "Unity.AI.Navigation.Tests.csproj", "{3817d323-d7c9-02cf-fa83-4aecb5841fa0}"
EndProject
Project("{FAE04EC0-301F-11D3-BF4B-00C04F79EFBC}") = "Unity.TestTools.CodeCoverage.Editor.Compatibility", "Unity.TestTools.CodeCoverage.Editor.Compatibility.csproj", "{49838a85-d595-12cf-6628-bac06c632d3d}"
EndProject
Project("{FAE04EC0-301F-11D3-BF4B-00C04F79EFBC}") = "Unity.TextMeshPro.Editor.Tests", "Unity.TextMeshPro.Editor.Tests.csproj", "{e35db30f-9511-41db-4b14-5982cc87b908}"
EndProject
Project("{FAE04EC0-301F-11D3-BF4B-00C04F79EFBC}") = "Unity.Settings.Tests", "Unity.Settings.Tests.csproj", "{660eefa1-e236-30ac-cbc1-6311ef9ba6e1}"
EndProject
Project("{FAE04EC0-301F-11D3-BF4B-00C04F79EFBC}") = "Unity.AI.Navigation.Editor.Tests", "Unity.AI.Navigation.Editor.Tests.csproj", "{2372259d-c573-6a94-e38e-733e8e5c3ef0}"
EndProject
Project("{FAE04EC0-301F-11D3-BF4B-00C04F79EFBC}") = "Unity.Performance.Profile-Analyzer.EditorTests", "Unity.Performance.Profile-Analyzer.EditorTests.csproj", "{e0041dbf-4dbb-43bd-5584-87e6f09534d3}"
EndProject
Project("{FAE04EC0-301F-11D3-BF4B-00C04F79EFBC}") = "Assembly-CSharp-firstpass", "Assembly-CSharp-firstpass.csproj", "{6cfbadba-ca7e-1144-7de0-9e3286b953ca}"
EndProject
Global
	GlobalSection(SolutionConfigurationPlatforms) = preSolution
		Debug|Any CPU = Debug|Any CPU
	EndGlobalSection
	GlobalSection(ProjectConfigurationPlatforms) = postSolution
		{0747c33f-3344-2571-aac7-0ce206b2a640}.Debug|Any CPU.ActiveCfg = Debug|Any CPU
		{0747c33f-3344-2571-aac7-0ce206b2a640}.Debug|Any CPU.Build.0 = Debug|Any CPU
		{c75d732f-e0be-6e59-9c6a-475a73bc4bcb}.Debug|Any CPU.ActiveCfg = Debug|Any CPU
		{c75d732f-e0be-6e59-9c6a-475a73bc4bcb}.Debug|Any CPU.Build.0 = Debug|Any CPU
		{89ff8f14-8042-456b-d9c0-4182cbe7812c}.Debug|Any CPU.ActiveCfg = Debug|Any CPU
		{89ff8f14-8042-456b-d9c0-4182cbe7812c}.Debug|Any CPU.Build.0 = Debug|Any CPU
		{8fa1c081-f523-1a21-536c-00a8c0e382f7}.Debug|Any CPU.ActiveCfg = Debug|Any CPU
		{8fa1c081-f523-1a21-536c-00a8c0e382f7}.Debug|Any CPU.Build.0 = Debug|Any CPU
		{7a44d91a-5bf4-b775-4df6-9d1638833de1}.Debug|Any CPU.ActiveCfg = Debug|Any CPU
		{7a44d91a-5bf4-b775-4df6-9d1638833de1}.Debug|Any CPU.Build.0 = Debug|Any CPU
		{ef24c592-87aa-27af-a984-533c943a2cc7}.Debug|Any CPU.ActiveCfg = Debug|Any CPU
		{ef24c592-87aa-27af-a984-533c943a2cc7}.Debug|Any CPU.Build.0 = Debug|Any CPU
		{1bde78b7-a725-1957-b856-debfdfcb09a0}.Debug|Any CPU.ActiveCfg = Debug|Any CPU
		{1bde78b7-a725-1957-b856-debfdfcb09a0}.Debug|Any CPU.Build.0 = Debug|Any CPU
		{76e0ad19-a8f3-9f4b-2f54-cab6cce3a0ca}.Debug|Any CPU.ActiveCfg = Debug|Any CPU
		{76e0ad19-a8f3-9f4b-2f54-cab6cce3a0ca}.Debug|Any CPU.Build.0 = Debug|Any CPU
		{058c7ebc-fe08-3aee-efbd-50be16d3553b}.Debug|Any CPU.ActiveCfg = Debug|Any CPU
		{058c7ebc-fe08-3aee-efbd-50be16d3553b}.Debug|Any CPU.Build.0 = Debug|Any CPU
		{0b050c43-59ca-fb9d-fefc-c00eb8e71937}.Debug|Any CPU.ActiveCfg = Debug|Any CPU
		{0b050c43-59ca-fb9d-fefc-c00eb8e71937}.Debug|Any CPU.Build.0 = Debug|Any CPU
		{b7284c85-35d6-f9c1-b0a4-cb67b7258e1e}.Debug|Any CPU.ActiveCfg = Debug|Any CPU
		{b7284c85-35d6-f9c1-b0a4-cb67b7258e1e}.Debug|Any CPU.Build.0 = Debug|Any CPU
		{bf851109-f242-116a-6590-186238fe5c7d}.Debug|Any CPU.ActiveCfg = Debug|Any CPU
		{bf851109-f242-116a-6590-186238fe5c7d}.Debug|Any CPU.Build.0 = Debug|Any CPU
		{aec57ce5-9238-4cb7-e37c-3ec73b469c3d}.Debug|Any CPU.ActiveCfg = Debug|Any CPU
		{aec57ce5-9238-4cb7-e37c-3ec73b469c3d}.Debug|Any CPU.Build.0 = Debug|Any CPU
		{f0a2fd1e-fd15-63da-ca1b-955a8ebbb5af}.Debug|Any CPU.ActiveCfg = Debug|Any CPU
		{f0a2fd1e-fd15-63da-ca1b-955a8ebbb5af}.Debug|Any CPU.Build.0 = Debug|Any CPU
		{f508d9b0-965f-6dd3-aa3a-29761251ef62}.Debug|Any CPU.ActiveCfg = Debug|Any CPU
		{f508d9b0-965f-6dd3-aa3a-29761251ef62}.Debug|Any CPU.Build.0 = Debug|Any CPU
		{db5d0306-d893-4634-d06a-7a305be9abbc}.Debug|Any CPU.ActiveCfg = Debug|Any CPU
		{db5d0306-d893-4634-d06a-7a305be9abbc}.Debug|Any CPU.Build.0 = Debug|Any CPU
		{08323a6b-3b51-cbe9-0a08-a76e5fd1af7e}.Debug|Any CPU.ActiveCfg = Debug|Any CPU
		{08323a6b-3b51-cbe9-0a08-a76e5fd1af7e}.Debug|Any CPU.Build.0 = Debug|Any CPU
		{2e15001a-db82-ce97-bb61-25802ac07c14}.Debug|Any CPU.ActiveCfg = Debug|Any CPU
		{2e15001a-db82-ce97-bb61-25802ac07c14}.Debug|Any CPU.Build.0 = Debug|Any CPU
		{18a36d3e-f101-3b6d-067d-657f5f58d900}.Debug|Any CPU.ActiveCfg = Debug|Any CPU
		{18a36d3e-f101-3b6d-067d-657f5f58d900}.Debug|Any CPU.Build.0 = Debug|Any CPU
		{bf66924e-beb9-538d-bb3e-354a41d76d49}.Debug|Any CPU.ActiveCfg = Debug|Any CPU
		{bf66924e-beb9-538d-bb3e-354a41d76d49}.Debug|Any CPU.Build.0 = Debug|Any CPU
		{da5837e6-fb17-3fa2-9254-7a581f858d8b}.Debug|Any CPU.ActiveCfg = Debug|Any CPU
		{da5837e6-fb17-3fa2-9254-7a581f858d8b}.Debug|Any CPU.Build.0 = Debug|Any CPU
		{b6542343-d3e5-d6a2-6bd7-2bfda401e9c1}.Debug|Any CPU.ActiveCfg = Debug|Any CPU
		{b6542343-d3e5-d6a2-6bd7-2bfda401e9c1}.Debug|Any CPU.Build.0 = Debug|Any CPU
		{6326f109-be15-e559-e06d-791a36c11878}.Debug|Any CPU.ActiveCfg = Debug|Any CPU
		{6326f109-be15-e559-e06d-791a36c11878}.Debug|Any CPU.Build.0 = Debug|Any CPU
		{0eb40c29-d9fd-3cc9-aebc-eae1b739ee3b}.Debug|Any CPU.ActiveCfg = Debug|Any CPU
		{0eb40c29-d9fd-3cc9-aebc-eae1b739ee3b}.Debug|Any CPU.Build.0 = Debug|Any CPU
		{1e2b3f1d-704d-8b7e-4cb4-1cfdb16acd81}.Debug|Any CPU.ActiveCfg = Debug|Any CPU
		{1e2b3f1d-704d-8b7e-4cb4-1cfdb16acd81}.Debug|Any CPU.Build.0 = Debug|Any CPU
		{d0563403-827c-89de-85b1-4c35fc137d5a}.Debug|Any CPU.ActiveCfg = Debug|Any CPU
		{d0563403-827c-89de-85b1-4c35fc137d5a}.Debug|Any CPU.Build.0 = Debug|Any CPU
		{1224795c-ab69-346d-30ed-14b9c2766f46}.Debug|Any CPU.ActiveCfg = Debug|Any CPU
		{1224795c-ab69-346d-30ed-14b9c2766f46}.Debug|Any CPU.Build.0 = Debug|Any CPU
		{f94fb2ed-78b1-1c53-f268-b5f6da14fb60}.Debug|Any CPU.ActiveCfg = Debug|Any CPU
		{f94fb2ed-78b1-1c53-f268-b5f6da14fb60}.Debug|Any CPU.Build.0 = Debug|Any CPU
		{0506ecc5-125d-dbd8-33c7-a9f92ddae9fb}.Debug|Any CPU.ActiveCfg = Debug|Any CPU
		{0506ecc5-125d-dbd8-33c7-a9f92ddae9fb}.Debug|Any CPU.Build.0 = Debug|Any CPU
		{cde8683f-39fb-bce6-79bf-f112e1df21c3}.Debug|Any CPU.ActiveCfg = Debug|Any CPU
		{cde8683f-39fb-bce6-79bf-f112e1df21c3}.Debug|Any CPU.Build.0 = Debug|Any CPU
		{f9ce5aca-f344-3ff3-b7c9-efa2dbda0f05}.Debug|Any CPU.ActiveCfg = Debug|Any CPU
		{f9ce5aca-f344-3ff3-b7c9-efa2dbda0f05}.Debug|Any CPU.Build.0 = Debug|Any CPU
		{6b58f8eb-1c0d-e88b-3f6e-a2b3c4f17055}.Debug|Any CPU.ActiveCfg = Debug|Any CPU
		{6b58f8eb-1c0d-e88b-3f6e-a2b3c4f17055}.Debug|Any CPU.Build.0 = Debug|Any CPU
		{a74ea015-938f-8e80-3a51-e4118e69da47}.Debug|Any CPU.ActiveCfg = Debug|Any CPU
		{a74ea015-938f-8e80-3a51-e4118e69da47}.Debug|Any CPU.Build.0 = Debug|Any CPU
		{e76a4420-f8e6-c6fb-0088-ec20812e2ef5}.Debug|Any CPU.ActiveCfg = Debug|Any CPU
		{e76a4420-f8e6-c6fb-0088-ec20812e2ef5}.Debug|Any CPU.Build.0 = Debug|Any CPU
		{ade3242d-f10b-b1db-b115-d5edd8645a5e}.Debug|Any CPU.ActiveCfg = Debug|Any CPU
		{ade3242d-f10b-b1db-b115-d5edd8645a5e}.Debug|Any CPU.Build.0 = Debug|Any CPU
		{769c410c-59ec-e464-f220-da475d43bb8a}.Debug|Any CPU.ActiveCfg = Debug|Any CPU
		{769c410c-59ec-e464-f220-da475d43bb8a}.Debug|Any CPU.Build.0 = Debug|Any CPU
		{4e4b68d7-8894-c1af-0caf-039ebbbd61a6}.Debug|Any CPU.ActiveCfg = Debug|Any CPU
		{4e4b68d7-8894-c1af-0caf-039ebbbd61a6}.Debug|Any CPU.Build.0 = Debug|Any CPU
		{53bd00f9-6694-b1d5-a7ac-48b9826b1b33}.Debug|Any CPU.ActiveCfg = Debug|Any CPU
		{53bd00f9-6694-b1d5-a7ac-48b9826b1b33}.Debug|Any CPU.Build.0 = Debug|Any CPU
		{5ab8e21e-b5bf-c704-3599-e2f7bd12f03b}.Debug|Any CPU.ActiveCfg = Debug|Any CPU
		{5ab8e21e-b5bf-c704-3599-e2f7bd12f03b}.Debug|Any CPU.Build.0 = Debug|Any CPU
		{97b05dc3-38e7-f012-1717-6bac439705fe}.Debug|Any CPU.ActiveCfg = Debug|Any CPU
		{97b05dc3-38e7-f012-1717-6bac439705fe}.Debug|Any CPU.Build.0 = Debug|Any CPU
		{8bcf1592-b67d-b8f7-df83-87578845cd36}.Debug|Any CPU.ActiveCfg = Debug|Any CPU
		{8bcf1592-b67d-b8f7-df83-87578845cd36}.Debug|Any CPU.Build.0 = Debug|Any CPU
		{eea17ff7-6957-118a-3557-dacf4c7fb4d1}.Debug|Any CPU.ActiveCfg = Debug|Any CPU
		{eea17ff7-6957-118a-3557-dacf4c7fb4d1}.Debug|Any CPU.Build.0 = Debug|Any CPU
		{4a8bffaf-bd2d-35aa-d4ed-667570cf3787}.Debug|Any CPU.ActiveCfg = Debug|Any CPU
		{4a8bffaf-bd2d-35aa-d4ed-667570cf3787}.Debug|Any CPU.Build.0 = Debug|Any CPU
		{02ed14fa-0290-5369-9830-4c5efd18e4b8}.Debug|Any CPU.ActiveCfg = Debug|Any CPU
		{02ed14fa-0290-5369-9830-4c5efd18e4b8}.Debug|Any CPU.Build.0 = Debug|Any CPU
		{262c8e2a-1aeb-dfd5-4d68-6d3c5559ea82}.Debug|Any CPU.ActiveCfg = Debug|Any CPU
		{262c8e2a-1aeb-dfd5-4d68-6d3c5559ea82}.Debug|Any CPU.Build.0 = Debug|Any CPU
		{13a7304f-c7e9-dca2-2f92-ebbeab2c28b5}.Debug|Any CPU.ActiveCfg = Debug|Any CPU
		{13a7304f-c7e9-dca2-2f92-ebbeab2c28b5}.Debug|Any CPU.Build.0 = Debug|Any CPU
		{23b35137-a344-e401-eb56-8b82dc6a123b}.Debug|Any CPU.ActiveCfg = Debug|Any CPU
		{23b35137-a344-e401-eb56-8b82dc6a123b}.Debug|Any CPU.Build.0 = Debug|Any CPU
		{f95c4007-a3f6-959b-ce0c-45c964f6e00f}.Debug|Any CPU.ActiveCfg = Debug|Any CPU
		{f95c4007-a3f6-959b-ce0c-45c964f6e00f}.Debug|Any CPU.Build.0 = Debug|Any CPU
		{d6afdc96-a944-0d5c-fa15-016ca25786c6}.Debug|Any CPU.ActiveCfg = Debug|Any CPU
		{d6afdc96-a944-0d5c-fa15-016ca25786c6}.Debug|Any CPU.Build.0 = Debug|Any CPU
		{6ef4c477-6391-6272-01f1-9b9d93d2c570}.Debug|Any CPU.ActiveCfg = Debug|Any CPU
		{6ef4c477-6391-6272-01f1-9b9d93d2c570}.Debug|Any CPU.Build.0 = Debug|Any CPU
		{f83ea8e4-4a92-9fde-f6ae-7864eb9bc510}.Debug|Any CPU.ActiveCfg = Debug|Any CPU
		{f83ea8e4-4a92-9fde-f6ae-7864eb9bc510}.Debug|Any CPU.Build.0 = Debug|Any CPU
		{878eff81-1c52-1d6e-144f-cd888792fa70}.Debug|Any CPU.ActiveCfg = Debug|Any CPU
		{878eff81-1c52-1d6e-144f-cd888792fa70}.Debug|Any CPU.Build.0 = Debug|Any CPU
		{a13b013f-a870-7ca6-fd58-c2f15f73b80a}.Debug|Any CPU.ActiveCfg = Debug|Any CPU
		{a13b013f-a870-7ca6-fd58-c2f15f73b80a}.Debug|Any CPU.Build.0 = Debug|Any CPU
		{7570d134-4b8b-1979-584d-09bb06654365}.Debug|Any CPU.ActiveCfg = Debug|Any CPU
		{7570d134-4b8b-1979-584d-09bb06654365}.Debug|Any CPU.Build.0 = Debug|Any CPU
		{3ea86dfb-ccc9-60f4-72e9-fc0f60e31b0b}.Debug|Any CPU.ActiveCfg = Debug|Any CPU
		{3ea86dfb-ccc9-60f4-72e9-fc0f60e31b0b}.Debug|Any CPU.Build.0 = Debug|Any CPU
		{cf2540f0-0c11-4c26-a009-38663294f233}.Debug|Any CPU.ActiveCfg = Debug|Any CPU
		{cf2540f0-0c11-4c26-a009-38663294f233}.Debug|Any CPU.Build.0 = Debug|Any CPU
		{3e0ddc18-5561-56fc-68e3-64f47de933a2}.Debug|Any CPU.ActiveCfg = Debug|Any CPU
		{3e0ddc18-5561-56fc-68e3-64f47de933a2}.Debug|Any CPU.Build.0 = Debug|Any CPU
		{a3093935-b32e-34de-7c02-a584f2cbdbb6}.Debug|Any CPU.ActiveCfg = Debug|Any CPU
		{a3093935-b32e-34de-7c02-a584f2cbdbb6}.Debug|Any CPU.Build.0 = Debug|Any CPU
		{26acc6f8-02d2-c732-1800-2e9abd88ea77}.Debug|Any CPU.ActiveCfg = Debug|Any CPU
		{26acc6f8-02d2-c732-1800-2e9abd88ea77}.Debug|Any CPU.Build.0 = Debug|Any CPU
		{5b2c3761-62be-900f-8f60-3de2b152c6a6}.Debug|Any CPU.ActiveCfg = Debug|Any CPU
		{5b2c3761-62be-900f-8f60-3de2b152c6a6}.Debug|Any CPU.Build.0 = Debug|Any CPU
		{bcd7daf7-3ada-9a4e-cad3-22ffef0746c2}.Debug|Any CPU.ActiveCfg = Debug|Any CPU
		{bcd7daf7-3ada-9a4e-cad3-22ffef0746c2}.Debug|Any CPU.Build.0 = Debug|Any CPU
		{7acd0fcf-7c12-9cee-16b6-8a1e6327bcdb}.Debug|Any CPU.ActiveCfg = Debug|Any CPU
		{7acd0fcf-7c12-9cee-16b6-8a1e6327bcdb}.Debug|Any CPU.Build.0 = Debug|Any CPU
		{37870cd3-9450-8061-9401-c702c25f9d6a}.Debug|Any CPU.ActiveCfg = Debug|Any CPU
		{37870cd3-9450-8061-9401-c702c25f9d6a}.Debug|Any CPU.Build.0 = Debug|Any CPU
		{2a776164-a604-8ecc-e487-f47981b30f36}.Debug|Any CPU.ActiveCfg = Debug|Any CPU
		{2a776164-a604-8ecc-e487-f47981b30f36}.Debug|Any CPU.Build.0 = Debug|Any CPU
		{ec357292-2d1c-15ce-11f1-d40cde3c8142}.Debug|Any CPU.ActiveCfg = Debug|Any CPU
		{ec357292-2d1c-15ce-11f1-d40cde3c8142}.Debug|Any CPU.Build.0 = Debug|Any CPU
		{cc03ab12-21a4-f51e-5cf9-205a23ded66b}.Debug|Any CPU.ActiveCfg = Debug|Any CPU
		{cc03ab12-21a4-f51e-5cf9-205a23ded66b}.Debug|Any CPU.Build.0 = Debug|Any CPU
		{34de1ff2-a387-8ce6-dcd8-71579dcdf4a9}.Debug|Any CPU.ActiveCfg = Debug|Any CPU
		{34de1ff2-a387-8ce6-dcd8-71579dcdf4a9}.Debug|Any CPU.Build.0 = Debug|Any CPU
		{82a1e711-9f9c-2a3a-9f51-35ed3d27d35c}.Debug|Any CPU.ActiveCfg = Debug|Any CPU
		{82a1e711-9f9c-2a3a-9f51-35ed3d27d35c}.Debug|Any CPU.Build.0 = Debug|Any CPU
		{3817d323-d7c9-02cf-fa83-4aecb5841fa0}.Debug|Any CPU.ActiveCfg = Debug|Any CPU
		{3817d323-d7c9-02cf-fa83-4aecb5841fa0}.Debug|Any CPU.Build.0 = Debug|Any CPU
		{49838a85-d595-12cf-6628-bac06c632d3d}.Debug|Any CPU.ActiveCfg = Debug|Any CPU
		{49838a85-d595-12cf-6628-bac06c632d3d}.Debug|Any CPU.Build.0 = Debug|Any CPU
		{e35db30f-9511-41db-4b14-5982cc87b908}.Debug|Any CPU.ActiveCfg = Debug|Any CPU
		{e35db30f-9511-41db-4b14-5982cc87b908}.Debug|Any CPU.Build.0 = Debug|Any CPU
		{660eefa1-e236-30ac-cbc1-6311ef9ba6e1}.Debug|Any CPU.ActiveCfg = Debug|Any CPU
		{660eefa1-e236-30ac-cbc1-6311ef9ba6e1}.Debug|Any CPU.Build.0 = Debug|Any CPU
		{2372259d-c573-6a94-e38e-733e8e5c3ef0}.Debug|Any CPU.ActiveCfg = Debug|Any CPU
		{2372259d-c573-6a94-e38e-733e8e5c3ef0}.Debug|Any CPU.Build.0 = Debug|Any CPU
		{e0041dbf-4dbb-43bd-5584-87e6f09534d3}.Debug|Any CPU.ActiveCfg = Debug|Any CPU
		{e0041dbf-4dbb-43bd-5584-87e6f09534d3}.Debug|Any CPU.Build.0 = Debug|Any CPU
		{6cfbadba-ca7e-1144-7de0-9e3286b953ca}.Debug|Any CPU.ActiveCfg = Debug|Any CPU
		{6cfbadba-ca7e-1144-7de0-9e3286b953ca}.Debug|Any CPU.Build.0 = Debug|Any CPU
	EndGlobalSection
	GlobalSection(SolutionProperties) = preSolution
		HideSolutionNode = FALSE
	EndGlobalSection
EndGlobal
